// !$*UTF8*$!
{
	archiveVersion = 1;
	classes = {
	};
	objectVersion = 77;
	objects = {

/* Begin PBXBuildFile section */
		10095318424FF3C04B0D9E61 /* CodeBoxWidgetExtension.appex in Embed Foundation Extensions */ = {isa = PBXBuildFile; fileRef = 94D7D0BF07E3D2E06DCF52DD /* CodeBoxWidgetExtension.appex */; };
		14DDE6D753537D2582852F40 /* CodeBoxAttributes.swift in Sources */ = {isa = PBXBuildFile; fileRef = F34ABEC7AFF7617CC7F67680 /* CodeBoxAttributes.swift */; };
		189259B593F9C821E2A12D2C /* AuthViews.swift in Sources */ = {isa = PBXBuildFile; fileRef = 93A45A478007DB867C8B44DD /* AuthViews.swift */; };
		189C7EACFE35A488D5E8BAB8 /* CodeBoxAttributes.swift in Sources */ = {isa = PBXBuildFile; fileRef = F34ABEC7AFF7617CC7F67680 /* CodeBoxAttributes.swift */; };
		20104406908B3C9CCC3D3DB4 /* VideoDownloadView.swift in Sources */ = {isa = PBXBuildFile; fileRef = BF7DA370E8098A230586BB58 /* VideoDownloadView.swift */; };
		244EB0E53E60DBBE1A3E3315 /* Foundation.framework in Frameworks */ = {isa = PBXBuildFile; fileRef = B52597A1324C12EC3FAB7239 /* Foundation.framework */; };
		6F9AEEB70DA89EE8C33F4016 /* User.swift in Sources */ = {isa = PBXBuildFile; fileRef = F3C3432FE6CA683E74AC4796 /* User.swift */; };
		71C8B62EDA523F809973C03C /* StatisticsView.swift in Sources */ = {isa = PBXBuildFile; fileRef = CE679DF8D7CB57536CFBD351 /* StatisticsView.swift */; };
		8AC2A3737117784FF122BF4C /* EditClipboardItemView.swift in Sources */ = {isa = PBXBuildFile; fileRef = 53C2914C07A4E51AD65B1732 /* EditClipboardItemView.swift */; };
		8FF8C48AF8D4D532A7E03880 /* CodeBoxWidget.swift in Sources */ = {isa = PBXBuildFile; fileRef = 11803F6D600F8A5936FB0CD4 /* CodeBoxWidget.swift */; };
		9801DF9A313C46FFC1ABED5D /* ReminderManager.swift in Sources */ = {isa = PBXBuildFile; fileRef = CE60307447378901F66A3E0C /* ReminderManager.swift */; };
		CC00012F4ECAF600AAA06F01 /* CodeBoxApp.swift in Sources */ = {isa = PBXBuildFile; fileRef = BB00012F4ECAF600AAA06F01 /* CodeBoxApp.swift */; };
		CC00022F4ECAF600AAA06F02 /* ContentView.swift in Sources */ = {isa = PBXBuildFile; fileRef = BB00022F4ECAF600AAA06F02 /* ContentView.swift */; };
		CC00032F4ECAF600AAA06F03 /* ClipboardItem.swift in Sources */ = {isa = PBXBuildFile; fileRef = BB00032F4ECAF600AAA06F03 /* ClipboardItem.swift */; };
		CC00042F4ECAF600AAA06F04 /* AIModel.swift in Sources */ = {isa = PBXBuildFile; fileRef = BB00042F4ECAF600AAA06F04 /* AIModel.swift */; };
		CC00052F4ECAF600AAA06F05 /* AIProvider.swift in Sources */ = {isa = PBXBuildFile; fileRef = BB00052F4ECAF600AAA06F05 /* AIProvider.swift */; };
		CC00062F4ECAF600AAA06F06 /* AppTheme.swift in Sources */ = {isa = PBXBuildFile; fileRef = BB00062F4ECAF600AAA06F06 /* AppTheme.swift */; };
		CC00072F4ECAF600AAA06F07 /* ItemListView.swift in Sources */ = {isa = PBXBuildFile; fileRef = BB00072F4ECAF600AAA06F07 /* ItemListView.swift */; };
		CC00082F4ECAF600AAA06F08 /* ItemRowView.swift in Sources */ = {isa = PBXBuildFile; fileRef = BB00082F4ECAF600AAA06F08 /* ItemRowView.swift */; };
		CC00092F4ECAF600AAA06F09 /* AddClipboardItemView.swift in Sources */ = {isa = PBXBuildFile; fileRef = BB00092F4ECAF600AAA06F09 /* AddClipboardItemView.swift */; };
		CC000A2F4ECAF600AAA06F0A /* ProfileView.swift in Sources */ = {isa = PBXBuildFile; fileRef = BB000A2F4ECAF600AAA06F0A /* ProfileView.swift */; };
		CC000B2F4ECAF600AAA06F0B /* ModelListView.swift in Sources */ = {isa = PBXBuildFile; fileRef = BB000B2F4ECAF600AAA06F0B /* ModelListView.swift */; };
		CC000C2F4ECAF600AAA06F0C /* ModelRowView.swift in Sources */ = {isa = PBXBuildFile; fileRef = BB000C2F4ECAF600AAA06F0C /* ModelRowView.swift */; };
		CC000D2F4ECAF600AAA06F0D /* AddModelView.swift in Sources */ = {isa = PBXBuildFile; fileRef = BB000D2F4ECAF600AAA06F0D /* AddModelView.swift */; };
		CC000E2F4ECAF600AAA06F0E /* LiquidGlassModifier.swift in Sources */ = {isa = PBXBuildFile; fileRef = BB000E2F4ECAF600AAA06F0E /* LiquidGlassModifier.swift */; };
		CC000F2F4ECAF600AAA06F0F /* RecognitionEngine.swift in Sources */ = {isa = PBXBuildFile; fileRef = BB000F2F4ECAF600AAA06F0F /* RecognitionEngine.swift */; };
		CC00102F4ECAF600AAA06F10 /* AIRecognitionService.swift in Sources */ = {isa = PBXBuildFile; fileRef = BB00102F4ECAF600AAA06F10 /* AIRecognitionService.swift */; };
		CC00112F4ECAF600AAA06F11 /* ModelTestService.swift in Sources */ = {isa = PBXBuildFile; fileRef = BB00112F4ECAF600AAA06F11 /* ModelTestService.swift */; };
		CC00122F4ECAF600AAA06F12 /* AddItemIntent.swift in Sources */ = {isa = PBXBuildFile; fileRef = BB00122F4ECAF600AAA06F12 /* AddItemIntent.swift */; };
		CC00132F4ECAF600AAA06F13 /* Assets.xcassets in Resources */ = {isa = PBXBuildFile; fileRef = BB00132F4ECAF600AAA06F13 /* Assets.xcassets */; };
		CC00142F4ECAF600AAA06F14 /* ScreenshotMonitor.swift in Sources */ = {isa = PBXBuildFile; fileRef = BB00142F4ECAF600AAA06F14 /* ScreenshotMonitor.swift */; };
		CC00152F4ECAF600AAA06F15 /* AppShortcuts.swift in Sources */ = {isa = PBXBuildFile; fileRef = BB00152F4ECAF600AAA06F15 /* AppShortcuts.swift */; };
/* End PBXBuildFile section */

/* Begin PBXContainerItemProxy section */
		F910EE2129D6B98018520EC5 /* PBXContainerItemProxy */ = {
			isa = PBXContainerItemProxy;
			containerPortal = 975855D32F4ECAF600AAA06F /* Project object */;
			proxyType = 1;
			remoteGlobalIDString = 508D7FA42EED040EA42AC9C2;
			remoteInfo = CodeBoxWidgetExtension;
		};
/* End PBXContainerItemProxy section */

/* Begin PBXCopyFilesBuildPhase section */
		EEC524607505CBF065C7EBED /* Embed Foundation Extensions */ = {
			isa = PBXCopyFilesBuildPhase;
			buildActionMask = 2147483647;
			dstPath = "";
			dstSubfolderSpec = 13;
			files = (
				10095318424FF3C04B0D9E61 /* CodeBoxWidgetExtension.appex in Embed Foundation Extensions */,
			);
			name = "Embed Foundation Extensions";
			runOnlyForDeploymentPostprocessing = 0;
		};
/* End PBXCopyFilesBuildPhase section */

/* Begin PBXFileReference section */
		11803F6D600F8A5936FB0CD4 /* CodeBoxWidget.swift */ = {isa = PBXFileReference; includeInIndex = 1; lastKnownFileType = sourcecode.swift; path = CodeBoxWidget.swift; sourceTree = "<group>"; };
		53C2914C07A4E51AD65B1732 /* EditClipboardItemView.swift */ = {isa = PBXFileReference; includeInIndex = 1; lastKnownFileType = sourcecode.swift; path = EditClipboardItemView.swift; sourceTree = "<group>"; };
		93A45A478007DB867C8B44DD /* AuthViews.swift */ = {isa = PBXFileReference; includeInIndex = 1; lastKnownFileType = sourcecode.swift; path = AuthViews.swift; sourceTree = "<group>"; };
		94D7D0BF07E3D2E06DCF52DD /* CodeBoxWidgetExtension.appex */ = {isa = PBXFileReference; explicitFileType = "wrapper.app-extension"; includeInIndex = 0; path = CodeBoxWidgetExtension.appex; sourceTree = BUILT_PRODUCTS_DIR; };
		975856BC2F50340D00AAA06F /* CodeBox.entitlements */ = {isa = PBXFileReference; lastKnownFileType = text.plist.entitlements; path = CodeBox.entitlements; sourceTree = "<group>"; };
		975856BD2F503EB800AAA06F /* Info.plist */ = {isa = PBXFileReference; lastKnownFileType = text.plist; path = Info.plist; sourceTree = "<group>"; };
		AA0002AA2F4ECAF600AAA06F /* CodeBox.app */ = {isa = PBXFileReference; explicitFileType = wrapper.application; includeInIndex = 0; path = CodeBox.app; sourceTree = BUILT_PRODUCTS_DIR; };
		B52597A1324C12EC3FAB7239 /* Foundation.framework */ = {isa = PBXFileReference; lastKnownFileType = wrapper.framework; name = Foundation.framework; path = Platforms/iPhoneOS.platform/Developer/SDKs/iPhoneOS18.0.sdk/System/Library/Frameworks/Foundation.framework; sourceTree = DEVELOPER_DIR; };
		BB00012F4ECAF600AAA06F01 /* CodeBoxApp.swift */ = {isa = PBXFileReference; lastKnownFileType = sourcecode.swift; path = CodeBoxApp.swift; sourceTree = "<group>"; };
		BB00022F4ECAF600AAA06F02 /* ContentView.swift */ = {isa = PBXFileReference; lastKnownFileType = sourcecode.swift; path = ContentView.swift; sourceTree = "<group>"; };
		BB00032F4ECAF600AAA06F03 /* ClipboardItem.swift */ = {isa = PBXFileReference; lastKnownFileType = sourcecode.swift; path = ClipboardItem.swift; sourceTree = "<group>"; };
		BB00042F4ECAF600AAA06F04 /* AIModel.swift */ = {isa = PBXFileReference; lastKnownFileType = sourcecode.swift; path = AIModel.swift; sourceTree = "<group>"; };
		BB00052F4ECAF600AAA06F05 /* AIProvider.swift */ = {isa = PBXFileReference; lastKnownFileType = sourcecode.swift; path = AIProvider.swift; sourceTree = "<group>"; };
		BB00062F4ECAF600AAA06F06 /* AppTheme.swift */ = {isa = PBXFileReference; lastKnownFileType = sourcecode.swift; path = AppTheme.swift; sourceTree = "<group>"; };
		BB00072F4ECAF600AAA06F07 /* ItemListView.swift */ = {isa = PBXFileReference; lastKnownFileType = sourcecode.swift; path = ItemListView.swift; sourceTree = "<group>"; };
		BB00082F4ECAF600AAA06F08 /* ItemRowView.swift */ = {isa = PBXFileReference; lastKnownFileType = sourcecode.swift; path = ItemRowView.swift; sourceTree = "<group>"; };
		BB00092F4ECAF600AAA06F09 /* AddClipboardItemView.swift */ = {isa = PBXFileReference; lastKnownFileType = sourcecode.swift; path = AddClipboardItemView.swift; sourceTree = "<group>"; };
		BB000A2F4ECAF600AAA06F0A /* ProfileView.swift */ = {isa = PBXFileReference; lastKnownFileType = sourcecode.swift; path = ProfileView.swift; sourceTree = "<group>"; };
		BB000B2F4ECAF600AAA06F0B /* ModelListView.swift */ = {isa = PBXFileReference; lastKnownFileType = sourcecode.swift; path = ModelListView.swift; sourceTree = "<group>"; };
		BB000C2F4ECAF600AAA06F0C /* ModelRowView.swift */ = {isa = PBXFileReference; lastKnownFileType = sourcecode.swift; path = ModelRowView.swift; sourceTree = "<group>"; };
		BB000D2F4ECAF600AAA06F0D /* AddModelView.swift */ = {isa = PBXFileReference; lastKnownFileType = sourcecode.swift; path = AddModelView.swift; sourceTree = "<group>"; };
		BB000E2F4ECAF600AAA06F0E /* LiquidGlassModifier.swift */ = {isa = PBXFileReference; lastKnownFileType = sourcecode.swift; path = LiquidGlassModifier.swift; sourceTree = "<group>"; };
		BB000F2F4ECAF600AAA06F0F /* RecognitionEngine.swift */ = {isa = PBXFileReference; lastKnownFileType = sourcecode.swift; path = RecognitionEngine.swift; sourceTree = "<group>"; };
		BB00102F4ECAF600AAA06F10 /* AIRecognitionService.swift */ = {isa = PBXFileReference; lastKnownFileType = sourcecode.swift; path = AIRecognitionService.swift; sourceTree = "<group>"; };
		BB00112F4ECAF600AAA06F11 /* ModelTestService.swift */ = {isa = PBXFileReference; lastKnownFileType = sourcecode.swift; path = ModelTestService.swift; sourceTree = "<group>"; };
		BB00122F4ECAF600AAA06F12 /* AddItemIntent.swift */ = {isa = PBXFileReference; lastKnownFileType = sourcecode.swift; path = AddItemIntent.swift; sourceTree = "<group>"; };
		BB00132F4ECAF600AAA06F13 /* Assets.xcassets */ = {isa = PBXFileReference; lastKnownFileType = folder.assetcatalog; path = Assets.xcassets; sourceTree = "<group>"; };
		BB00142F4ECAF600AAA06F14 /* ScreenshotMonitor.swift */ = {isa = PBXFileReference; lastKnownFileType = sourcecode.swift; path = ScreenshotMonitor.swift; sourceTree = "<group>"; };
		BB00152F4ECAF600AAA06F15 /* AppShortcuts.swift */ = {isa = PBXFileReference; lastKnownFileType = sourcecode.swift; path = AppShortcuts.swift; sourceTree = "<group>"; };
		BF7DA370E8098A230586BB58 /* VideoDownloadView.swift */ = {isa = PBXFileReference; includeInIndex = 1; lastKnownFileType = sourcecode.swift; path = VideoDownloadView.swift; sourceTree = "<group>"; };
		CE60307447378901F66A3E0C /* ReminderManager.swift */ = {isa = PBXFileReference; includeInIndex = 1; lastKnownFileType = sourcecode.swift; path = ReminderManager.swift; sourceTree = "<group>"; };
		CE679DF8D7CB57536CFBD351 /* StatisticsView.swift */ = {isa = PBXFileReference; includeInIndex = 1; lastKnownFileType = sourcecode.swift; path = StatisticsView.swift; sourceTree = "<group>"; };
		F34ABEC7AFF7617CC7F67680 /* CodeBoxAttributes.swift */ = {isa = PBXFileReference; includeInIndex = 1; lastKnownFileType = sourcecode.swift; path = CodeBoxAttributes.swift; sourceTree = "<group>"; };
		F3C3432FE6CA683E74AC4796 /* User.swift */ = {isa = PBXFileReference; includeInIndex = 1; lastKnownFileType = sourcecode.swift; path = User.swift; sourceTree = "<group>"; };
/* End PBXFileReference section */

/* Begin PBXFrameworksBuildPhase section */
		AA0005AA2F4ECAF600AAA06F /* Frameworks */ = {
			isa = PBXFrameworksBuildPhase;
			buildActionMask = 2147483647;
			files = (
			);
			runOnlyForDeploymentPostprocessing = 0;
		};
		FDBAB84E25722C943230C196 /* Frameworks */ = {
			isa = PBXFrameworksBuildPhase;
			buildActionMask = 2147483647;
			files = (
				244EB0E53E60DBBE1A3E3315 /* Foundation.framework in Frameworks */,
			);
			runOnlyForDeploymentPostprocessing = 0;
		};
/* End PBXFrameworksBuildPhase section */

/* Begin PBXGroup section */
		45A2F960C28DB9CEAD9FE781 /* Frameworks */ = {
			isa = PBXGroup;
			children = (
				A105C6351DD106C74D35F344 /* iOS */,
			);
			name = Frameworks;
			sourceTree = "<group>";
		};
		62839C2933E54662EB16FEA6 /* CodeBoxWidgetExtension */ = {
			isa = PBXGroup;
			children = (
				11803F6D600F8A5936FB0CD4 /* CodeBoxWidget.swift */,
				F34ABEC7AFF7617CC7F67680 /* CodeBoxAttributes.swift */,
			);
			path = CodeBoxWidgetExtension;
			sourceTree = "<group>";
		};
		975855D22F4ECAF600AAA06F = {
			isa = PBXGroup;
			children = (
				DD00012F4ECAF600AAA06F01 /* CodeBox */,
				975855DC2F4ECAF600AAA06F /* Products */,
				45A2F960C28DB9CEAD9FE781 /* Frameworks */,
				62839C2933E54662EB16FEA6 /* CodeBoxWidgetExtension */,
			);
			sourceTree = "<group>";
		};
		975855DC2F4ECAF600AAA06F /* Products */ = {
			isa = PBXGroup;
			children = (
				AA0002AA2F4ECAF600AAA06F /* CodeBox.app */,
				94D7D0BF07E3D2E06DCF52DD /* CodeBoxWidgetExtension.appex */,
			);
			name = Products;
			sourceTree = "<group>";
		};
		A105C6351DD106C74D35F344 /* iOS */ = {
			isa = PBXGroup;
			children = (
				B52597A1324C12EC3FAB7239 /* Foundation.framework */,
			);
			name = iOS;
			sourceTree = "<group>";
		};
		DD00012F4ECAF600AAA06F01 /* CodeBox */ = {
			isa = PBXGroup;
			children = (
				975856BD2F503EB800AAA06F /* Info.plist */,
				975856BC2F50340D00AAA06F /* CodeBox.entitlements */,
				BB00012F4ECAF600AAA06F01 /* CodeBoxApp.swift */,
				BB00132F4ECAF600AAA06F13 /* Assets.xcassets */,
				DD00022F4ECAF600AAA06F02 /* Models */,
				DD00032F4ECAF600AAA06F03 /* Views */,
				DD00042F4ECAF600AAA06F04 /* Utils */,
			);
			path = CodeBox;
			sourceTree = "<group>";
		};
		DD00022F4ECAF600AAA06F02 /* Models */ = {
			isa = PBXGroup;
			children = (
				BB00032F4ECAF600AAA06F03 /* ClipboardItem.swift */,
				BB00042F4ECAF600AAA06F04 /* AIModel.swift */,
				BB00052F4ECAF600AAA06F05 /* AIProvider.swift */,
				BB00062F4ECAF600AAA06F06 /* AppTheme.swift */,
				F3C3432FE6CA683E74AC4796 /* User.swift */,
			);
			path = Models;
			sourceTree = "<group>";
		};
		DD00032F4ECAF600AAA06F03 /* Views */ = {
			isa = PBXGroup;
			children = (
				BB00072F4ECAF600AAA06F07 /* ItemListView.swift */,
				BB00082F4ECAF600AAA06F08 /* ItemRowView.swift */,
				BB00092F4ECAF600AAA06F09 /* AddClipboardItemView.swift */,
				BB000A2F4ECAF600AAA06F0A /* ProfileView.swift */,
				BB000B2F4ECAF600AAA06F0B /* ModelListView.swift */,
				BB000C2F4ECAF600AAA06F0C /* ModelRowView.swift */,
				BB000D2F4ECAF600AAA06F0D /* AddModelView.swift */,
				BB000E2F4ECAF600AAA06F0E /* LiquidGlassModifier.swift */,
				BB00022F4ECAF600AAA06F02 /* ContentView.swift */,
				53C2914C07A4E51AD65B1732 /* EditClipboardItemView.swift */,
				93A45A478007DB867C8B44DD /* AuthViews.swift */,
				CE679DF8D7CB57536CFBD351 /* StatisticsView.swift */,
				BF7DA370E8098A230586BB58 /* VideoDownloadView.swift */,
			);
			path = Views;
			sourceTree = "<group>";
		};
		DD00042F4ECAF600AAA06F04 /* Utils */ = {
			isa = PBXGroup;
			children = (
				BB000F2F4ECAF600AAA06F0F /* RecognitionEngine.swift */,
				BB00102F4ECAF600AAA06F10 /* AIRecognitionService.swift */,
				BB00112F4ECAF600AAA06F11 /* ModelTestService.swift */,
				BB00122F4ECAF600AAA06F12 /* AddItemIntent.swift */,
				BB00142F4ECAF600AAA06F14 /* ScreenshotMonitor.swift */,
				BB00152F4ECAF600AAA06F15 /* AppShortcuts.swift */,
				CE60307447378901F66A3E0C /* ReminderManager.swift */,
			);
			path = Utils;
			sourceTree = "<group>";
		};
/* End PBXGroup section */

/* Begin PBXNativeTarget section */
		508D7FA42EED040EA42AC9C2 /* CodeBoxWidgetExtension */ = {
			isa = PBXNativeTarget;
			buildConfigurationList = 5FD8759D557A549246697132 /* Build configuration list for PBXNativeTarget "CodeBoxWidgetExtension" */;
			buildPhases = (
				00278712010DB04307EFDD77 /* Sources */,
				FDBAB84E25722C943230C196 /* Frameworks */,
				DF8DBD8C2DF7467CF49A7DB0 /* Resources */,
			);
			buildRules = (
			);
			dependencies = (
			);
			name = CodeBoxWidgetExtension;
			productName = CodeBoxWidgetExtension;
			productReference = 94D7D0BF07E3D2E06DCF52DD /* CodeBoxWidgetExtension.appex */;
			productType = "com.apple.product-type.app-extension";
		};
		AA0001AA2F4ECAF600AAA06F /* CodeBox */ = {
			isa = PBXNativeTarget;
			buildConfigurationList = AA0006AA2F4ECAF600AAA06F /* Build configuration list for PBXNativeTarget "CodeBox" */;
			buildPhases = (
				AA0005AA2F4ECAF600AAA06F /* Frameworks */,
				AA0004AA2F4ECAF600AAA06F /* Resources */,
				AA0003AA2F4ECAF600AAA06F /* Sources */,
				EEC524607505CBF065C7EBED /* Embed Foundation Extensions */,
			);
			buildRules = (
			);
			dependencies = (
				E1817291BBF54DA36CC14FF7 /* PBXTargetDependency */,
			);
			name = CodeBox;
			productName = CodeBox;
			productReference = AA0002AA2F4ECAF600AAA06F /* CodeBox.app */;
			productType = "com.apple.product-type.application";
		};
/* End PBXNativeTarget section */

/* Begin PBXProject section */
		975855D32F4ECAF600AAA06F /* Project object */ = {
			isa = PBXProject;
			attributes = {
				BuildIndependentTargetsInParallel = 1;
				LastSwiftUpdateCheck = 2620;
				LastUpgradeCheck = 2620;
				TargetAttributes = {
					AA0001AA2F4ECAF600AAA06F = {
						CreatedOnToolsVersion = 26.2;
					};
				};
			};
			buildConfigurationList = 975855D62F4ECAF600AAA06F /* Build configuration list for PBXProject "CodeBox" */;
			developmentRegion = en;
			hasScannedForEncodings = 0;
			knownRegions = (
				en,
				Base,
			);
			mainGroup = 975855D22F4ECAF600AAA06F;
			minimizedProjectReferenceProxies = 1;
			preferredProjectObjectVersion = 77;
			productRefGroup = 975855DC2F4ECAF600AAA06F /* Products */;
			projectDirPath = "";
			projectRoot = "";
			targets = (
				AA0001AA2F4ECAF600AAA06F /* CodeBox */,
				508D7FA42EED040EA42AC9C2 /* CodeBoxWidgetExtension */,
			);
		};
/* End PBXProject section */

/* Begin PBXResourcesBuildPhase section */
		AA0004AA2F4ECAF600AAA06F /* Resources */ = {
			isa = PBXResourcesBuildPhase;
			buildActionMask = 2147483647;
			files = (
				CC00132F4ECAF600AAA06F13 /* Assets.xcassets in Resources */,
			);
			runOnlyForDeploymentPostprocessing = 0;
		};
		DF8DBD8C2DF7467CF49A7DB0 /* Resources */ = {
			isa = PBXResourcesBuildPhase;
			buildActionMask = 2147483647;
			files = (
			);
			runOnlyForDeploymentPostprocessing = 0;
		};
/* End PBXResourcesBuildPhase section */

/* Begin PBXSourcesBuildPhase section */
		00278712010DB04307EFDD77 /* Sources */ = {
			isa = PBXSourcesBuildPhase;
			buildActionMask = 2147483647;
			files = (
				8FF8C48AF8D4D532A7E03880 /* CodeBoxWidget.swift in Sources */,
				14DDE6D753537D2582852F40 /* CodeBoxAttributes.swift in Sources */,
			);
			runOnlyForDeploymentPostprocessing = 0;
		};
		AA0003AA2F4ECAF600AAA06F /* Sources */ = {
			isa = PBXSourcesBuildPhase;
			buildActionMask = 2147483647;
			files = (
				CC00012F4ECAF600AAA06F01 /* CodeBoxApp.swift in Sources */,
				CC00022F4ECAF600AAA06F02 /* ContentView.swift in Sources */,
				CC00032F4ECAF600AAA06F03 /* ClipboardItem.swift in Sources */,
				CC00042F4ECAF600AAA06F04 /* AIModel.swift in Sources */,
				CC00052F4ECAF600AAA06F05 /* AIProvider.swift in Sources */,
				CC00062F4ECAF600AAA06F06 /* AppTheme.swift in Sources */,
				CC00072F4ECAF600AAA06F07 /* ItemListView.swift in Sources */,
				CC00082F4ECAF600AAA06F08 /* ItemRowView.swift in Sources */,
				CC00092F4ECAF600AAA06F09 /* AddClipboardItemView.swift in Sources */,
				CC000A2F4ECAF600AAA06F0A /* ProfileView.swift in Sources */,
				CC000B2F4ECAF600AAA06F0B /* ModelListView.swift in Sources */,
				CC000C2F4ECAF600AAA06F0C /* ModelRowView.swift in Sources */,
				CC000D2F4ECAF600AAA06F0D /* AddModelView.swift in Sources */,
				CC000E2F4ECAF600AAA06F0E /* LiquidGlassModifier.swift in Sources */,
				CC000F2F4ECAF600AAA06F0F /* RecognitionEngine.swift in Sources */,
				CC00102F4ECAF600AAA06F10 /* AIRecognitionService.swift in Sources */,
				CC00112F4ECAF600AAA06F11 /* ModelTestService.swift in Sources */,
				CC00122F4ECAF600AAA06F12 /* AddItemIntent.swift in Sources */,
				CC00142F4ECAF600AAA06F14 /* ScreenshotMonitor.swift in Sources */,
				CC00152F4ECAF600AAA06F15 /* AppShortcuts.swift in Sources */,
				189C7EACFE35A488D5E8BAB8 /* CodeBoxAttributes.swift in Sources */,
				9801DF9A313C46FFC1ABED5D /* ReminderManager.swift in Sources */,
				8AC2A3737117784FF122BF4C /* EditClipboardItemView.swift in Sources */,
				6F9AEEB70DA89EE8C33F4016 /* User.swift in Sources */,
				189259B593F9C821E2A12D2C /* AuthViews.swift in Sources */,
				71C8B62EDA523F809973C03C /* StatisticsView.swift in Sources */,
				20104406908B3C9CCC3D3DB4 /* VideoDownloadView.swift in Sources */,
			);
			runOnlyForDeploymentPostprocessing = 0;
		};
/* End PBXSourcesBuildPhase section */

/* Begin PBXTargetDependency section */
		E1817291BBF54DA36CC14FF7 /* PBXTargetDependency */ = {
			isa = PBXTargetDependency;
			name = CodeBoxWidgetExtension;
			target = 508D7FA42EED040EA42AC9C2 /* CodeBoxWidgetExtension */;
			targetProxy = F910EE2129D6B98018520EC5 /* PBXContainerItemProxy */;
		};
/* End PBXTargetDependency section */

/* Begin XCBuildConfiguration section */
		15DADD6A51A16CA23CB36324 /* Release */ = {
			isa = XCBuildConfiguration;
			buildSettings = {
				ASSETCATALOG_COMPILER_APPICON_NAME = AppIcon;
				ASSETCATALOG_COMPILER_GLOBAL_ACCENT_COLOR_NAME = AccentColor;
				CLANG_ENABLE_OBJC_WEAK = NO;
				CURRENT_PROJECT_VERSION = 1;
				DEVELOPMENT_TEAM = GATS57PR7G;
				GENERATE_INFOPLIST_FILE = YES;
				INFOPLIST_FILE = CodeBoxWidgetExtension/Info.plist;
				INFOPLIST_KEY_CFBundleDisplayName = CodeBoxWidget;
				INFOPLIST_KEY_CFBundleShortVersionString = 1.0;
				INFOPLIST_KEY_CFBundleVersion = 1;
				INFOPLIST_KEY_LSRequiresIPhoneOS = YES;
				INFOPLIST_KEY_UIApplicationSceneManifest_Generation = YES;
				INFOPLIST_KEY_UIApplicationSupportsIndirectInputEvents = YES;
				INFOPLIST_KEY_UILaunchScreen_Generation = YES;
				INFOPLIST_KEY_UISupportedInterfaceOrientations_iPhone = "UIInterfaceOrientationPortrait UIInterfaceOrientationLandscapeLeft UIInterfaceOrientationLandscapeRight";
				IPHONEOS_DEPLOYMENT_TARGET = 17.0;
				LD_RUNPATH_SEARCH_PATHS = (
					"$(inherited)",
					"@executable_path/Frameworks",
					"@executable_path/../../Frameworks",
				);
				MARKETING_VERSION = 1.0;
				PRODUCT_BUNDLE_IDENTIFIER = com.jiezhang.CodeBox.CodeBoxWidgetExtension;
				PRODUCT_NAME = CodeBoxWidgetExtension;
				SDKROOT = iphoneos;
				SKIP_INSTALL = YES;
				SWIFT_EMIT_LOC_STRINGS = YES;
				SWIFT_VERSION = 5.0;
				TARGETED_DEVICE_FAMILY = 1;
				VALIDATE_PRODUCT = YES;
			};
			name = Release;
		};
		4B04C5E0B8E2AB726C0FC550 /* Debug */ = {
			isa = XCBuildConfiguration;
			buildSettings = {
				ASSETCATALOG_COMPILER_APPICON_NAME = AppIcon;
				ASSETCATALOG_COMPILER_GLOBAL_ACCENT_COLOR_NAME = AccentColor;
				CLANG_ENABLE_OBJC_WEAK = NO;
				CURRENT_PROJECT_VERSION = 1;
				DEVELOPMENT_TEAM = GATS57PR7G;
				GENERATE_INFOPLIST_FILE = YES;
				INFOPLIST_FILE = CodeBoxWidgetExtension/Info.plist;
				INFOPLIST_KEY_CFBundleDisplayName = CodeBoxWidget;
				INFOPLIST_KEY_CFBundleShortVersionString = 1.0;
				INFOPLIST_KEY_CFBundleVersion = 1;
				INFOPLIST_KEY_LSRequiresIPhoneOS = YES;
				INFOPLIST_KEY_UIApplicationSceneManifest_Generation = YES;
				INFOPLIST_KEY_UIApplicationSupportsIndirectInputEvents = YES;
				INFOPLIST_KEY_UILaunchScreen_Generation = YES;
				INFOPLIST_KEY_UISupportedInterfaceOrientations_iPhone = "UIInterfaceOrientationPortrait UIInterfaceOrientationLandscapeLeft UIInterfaceOrientationLandscapeRight";
				IPHONEOS_DEPLOYMENT_TARGET = 17.0;
				LD_RUNPATH_SEARCH_PATHS = (
					"$(inherited)",
					"@executable_path/Frameworks",
					"@executable_path/../../Frameworks",
				);
				MARKETING_VERSION = 1.0;
				PRODUCT_BUNDLE_IDENTIFIER = com.jiezhang.CodeBox.CodeBoxWidgetExtension;
				PRODUCT_NAME = CodeBoxWidgetExtension;
				SDKROOT = iphoneos;
				SKIP_INSTALL = YES;
				SWIFT_EMIT_LOC_STRINGS = YES;
				SWIFT_VERSION = 5.0;
				TARGETED_DEVICE_FAMILY = 1;
			};
			name = Debug;
		};
		975855E42F4ECAF800AAA06F /* Debug */ = {
			isa = XCBuildConfiguration;
			buildSettings = {
				ALWAYS_SEARCH_USER_PATHS = NO;
				CLANG_ANALYZER_NONNULL = YES;
				CLANG_ANALYZER_NUMBER_OBJECT_CONVERSION = YES_AGGRESSIVE;
				CLANG_CXX_LANGUAGE_STANDARD = "gnu++20";
				CLANG_ENABLE_MODULES = YES;
				CLANG_ENABLE_OBJC_ARC = YES;
				CLANG_ENABLE_OBJC_WEAK = YES;
				CLANG_WARN_BLOCK_CAPTURE_AUTORELEASING = YES;
				CLANG_WARN_BOOL_CONVERSION = YES;
				CLANG_WARN_COMMA = YES;
				CLANG_WARN_CONSTANT_CONVERSION = YES;
				CLANG_WARN_DEPRECATED_OBJC_IMPLEMENTATIONS = YES;
				CLANG_WARN_DIRECT_OBJC_ISA_USAGE = YES_ERROR;
				CLANG_WARN_DOCUMENTATION_COMMENTS = YES;
				CLANG_WARN_EMPTY_BODY = YES;
				CLANG_WARN_ENUM_CONVERSION = YES;
				CLANG_WARN_INFINITE_RECURSION = YES;
				CLANG_WARN_INT_CONVERSION = YES;
				CLANG_WARN_NON_LITERAL_NULL_CONVERSION = YES;
				CLANG_WARN_OBJC_IMPLICIT_RETAIN_SELF = YES;
				CLANG_WARN_OBJC_LITERAL_CONVERSION = YES;
				CLANG_WARN_OBJC_ROOT_CLASS = YES_ERROR;
				CLANG_WARN_QUOTED_INCLUDE_IN_FRAMEWORK_HEADER = YES;
				CLANG_WARN_RANGE_LOOP_ANALYSIS = YES;
				CLANG_WARN_STRICT_PROTOTYPES = YES;
				CLANG_WARN_SUSPICIOUS_MOVE = YES;
				CLANG_WARN_UNGUARDED_AVAILABILITY = YES_AGGRESSIVE;
				CLANG_WARN_UNREACHABLE_CODE = YES;
				CLANG_WARN__DUPLICATE_METHOD_MATCH = YES;
				COPY_PHASE_STRIP = NO;
				DEBUG_INFORMATION_FORMAT = dwarf;
				ENABLE_STRICT_OBJC_MSGSEND = YES;
				ENABLE_TESTABILITY = YES;
				ENABLE_USER_SCRIPT_SANDBOXING = YES;
				GCC_C_LANGUAGE_STANDARD = gnu17;
				GCC_DYNAMIC_NO_PIC = NO;
				GCC_NO_COMMON_BLOCKS = YES;
				GCC_OPTIMIZATION_LEVEL = 0;
				GCC_PREPROCESSOR_DEFINITIONS = (
					"DEBUG=1",
					"$(inherited)",
				);
				GCC_WARN_64_TO_32_BIT_CONVERSION = YES;
				GCC_WARN_ABOUT_RETURN_TYPE = YES_ERROR;
				GCC_WARN_UNDECLARED_SELECTOR = YES;
				GCC_WARN_UNINITIALIZED_AUTOS = YES_AGGRESSIVE;
				GCC_WARN_UNUSED_FUNCTION = YES;
				GCC_WARN_UNUSED_VARIABLE = YES;
				IPHONEOS_DEPLOYMENT_TARGET = 26.2;
				LOCALIZATION_PREFERS_STRING_CATALOGS = YES;
				MTL_ENABLE_DEBUG_INFO = INCLUDE_SOURCE;
				MTL_FAST_MATH = YES;
				ONLY_ACTIVE_ARCH = YES;
				SDKROOT = iphoneos;
				SWIFT_ACTIVE_COMPILATION_CONDITIONS = "DEBUG $(inherited)";
				SWIFT_OPTIMIZATION_LEVEL = "-Onone";
			};
			name = Debug;
		};
		975855E52F4ECAF800AAA06F /* Release */ = {
			isa = XCBuildConfiguration;
			buildSettings = {
				ALWAYS_SEARCH_USER_PATHS = NO;
				CLANG_ANALYZER_NONNULL = YES;
				CLANG_ANALYZER_NUMBER_OBJECT_CONVERSION = YES_AGGRESSIVE;
				CLANG_CXX_LANGUAGE_STANDARD = "gnu++20";
				CLANG_ENABLE_MODULES = YES;
				CLANG_ENABLE_OBJC_ARC = YES;
				CLANG_ENABLE_OBJC_WEAK = YES;
				CLANG_WARN_BLOCK_CAPTURE_AUTORELEASING = YES;
				CLANG_WARN_BOOL_CONVERSION = YES;
				CLANG_WARN_COMMA = YES;
				CLANG_WARN_CONSTANT_CONVERSION = YES;
				CLANG_WARN_DEPRECATED_OBJC_IMPLEMENTATIONS = YES;
				CLANG_WARN_DIRECT_OBJC_ISA_USAGE = YES_ERROR;
				CLANG_WARN_DOCUMENTATION_COMMENTS = YES;
				CLANG_WARN_EMPTY_BODY = YES;
				CLANG_WARN_ENUM_CONVERSION = YES;
				CLANG_WARN_INFINITE_RECURSION = YES;
				CLANG_WARN_INT_CONVERSION = YES;
				CLANG_WARN_NON_LITERAL_NULL_CONVERSION = YES;
				CLANG_WARN_OBJC_IMPLICIT_RETAIN_SELF = YES;
				CLANG_WARN_OBJC_LITERAL_CONVERSION = YES;
				CLANG_WARN_OBJC_ROOT_CLASS = YES_ERROR;
				CLANG_WARN_QUOTED_INCLUDE_IN_FRAMEWORK_HEADER = YES;
				CLANG_WARN_RANGE_LOOP_ANALYSIS = YES;
				CLANG_WARN_STRICT_PROTOTYPES = YES;
				CLANG_WARN_SUSPICIOUS_MOVE = YES;
				CLANG_WARN_UNGUARDED_AVAILABILITY = YES_AGGRESSIVE;
				CLANG_WARN_UNREACHABLE_CODE = YES;
				CLANG_WARN__DUPLICATE_METHOD_MATCH = YES;
				COPY_PHASE_STRIP = NO;
				DEBUG_INFORMATION_FORMAT = "dwarf-with-dsym";
				ENABLE_NS_ASSERTIONS = NO;
				ENABLE_STRICT_OBJC_MSGSEND = YES;
				ENABLE_USER_SCRIPT_SANDBOXING = YES;
				GCC_C_LANGUAGE_STANDARD = gnu17;
				GCC_NO_COMMON_BLOCKS = YES;
				GCC_WARN_64_TO_32_BIT_CONVERSION = YES;
				GCC_WARN_ABOUT_RETURN_TYPE = YES_ERROR;
				GCC_WARN_UNDECLARED_SELECTOR = YES;
				GCC_WARN_UNINITIALIZED_AUTOS = YES_AGGRESSIVE;
				GCC_WARN_UNUSED_FUNCTION = YES;
				GCC_WARN_UNUSED_VARIABLE = YES;
				IPHONEOS_DEPLOYMENT_TARGET = 26.2;
				LOCALIZATION_PREFERS_STRING_CATALOGS = YES;
				MTL_ENABLE_DEBUG_INFO = NO;
				MTL_FAST_MATH = YES;
				SDKROOT = iphoneos;
				SWIFT_COMPILATION_MODE = wholemodule;
				VALIDATE_PRODUCT = YES;
			};
			name = Release;
		};
		AA0007AA2F4ECAF600AAA06F /* Debug */ = {
			isa = XCBuildConfiguration;
			buildSettings = {
				ASSETCATALOG_COMPILER_APPICON_NAME = AppIcon;
				ASSETCATALOG_COMPILER_GLOBAL_ACCENT_COLOR_NAME = AccentColor;
				CODE_SIGN_ENTITLEMENTS = CodeBox/CodeBox.entitlements;
				CODE_SIGN_STYLE = Automatic;
				CURRENT_PROJECT_VERSION = 1;
				DEVELOPMENT_TEAM = GATS57PR7G;
				ENABLE_PREVIEWS = YES;
				GENERATE_INFOPLIST_FILE = YES;
				INFOPLIST_FILE = CodeBox/Info.plist;
				INFOPLIST_KEY_NSPhotoLibraryUsageDescription = "用于识别截图中的取件码和验证码";
				INFOPLIST_KEY_UIApplicationSceneManifest_Generation = YES;
				INFOPLIST_KEY_UIApplicationSupportsIndirectInputEvents = YES;
				INFOPLIST_KEY_UILaunchScreen_Generation = YES;
				INFOPLIST_KEY_UISupportedInterfaceOrientations_iPad = "UIInterfaceOrientationPortrait UIInterfaceOrientationPortraitUpsideDown UIInterfaceOrientationLandscapeLeft UIInterfaceOrientationLandscapeRight";
				INFOPLIST_KEY_UISupportedInterfaceOrientations_iPhone = "UIInterfaceOrientationPortrait UIInterfaceOrientationLandscapeLeft UIInterfaceOrientationLandscapeRight";
				IPHONEOS_DEPLOYMENT_TARGET = 26.2;
				LD_RUNPATH_SEARCH_PATHS = (
					"$(inherited)",
					"@executable_path/Frameworks",
				);
				MARKETING_VERSION = 1.0;
				PRODUCT_BUNDLE_IDENTIFIER = com.jiezhang.CodeBox;
				PRODUCT_NAME = "$(TARGET_NAME)";
				SWIFT_EMIT_LOC_STRINGS = YES;
				SWIFT_VERSION = 6.0;
				TARGETED_DEVICE_FAMILY = "1,2";
			};
			name = Debug;
		};
		AA0008AA2F4ECAF600AAA06F /* Release */ = {
			isa = XCBuildConfiguration;
			buildSettings = {
				ASSETCATALOG_COMPILER_APPICON_NAME = AppIcon;
				ASSETCATALOG_COMPILER_GLOBAL_ACCENT_COLOR_NAME = AccentColor;
				CODE_SIGN_ENTITLEMENTS = CodeBox/CodeBox.entitlements;
				CODE_SIGN_STYLE = Automatic;
				CURRENT_PROJECT_VERSION = 1;
				DEVELOPMENT_TEAM = GATS57PR7G;
				ENABLE_PREVIEWS = YES;
				GENERATE_INFOPLIST_FILE = YES;
				INFOPLIST_FILE = CodeBox/Info.plist;
				INFOPLIST_KEY_NSPhotoLibraryUsageDescription = "用于识别截图中的取件码和验证码";
				INFOPLIST_KEY_UIApplicationSceneManifest_Generation = YES;
				INFOPLIST_KEY_UIApplicationSupportsIndirectInputEvents = YES;
				INFOPLIST_KEY_UILaunchScreen_Generation = YES;
				INFOPLIST_KEY_UISupportedInterfaceOrientations_iPad = "UIInterfaceOrientationPortrait UIInterfaceOrientationPortraitUpsideDown UIInterfaceOrientationLandscapeLeft UIInterfaceOrientationLandscapeRight";
				INFOPLIST_KEY_UISupportedInterfaceOrientations_iPhone = "UIInterfaceOrientationPortrait UIInterfaceOrientationLandscapeLeft UIInterfaceOrientationLandscapeRight";
				IPHONEOS_DEPLOYMENT_TARGET = 26.2;
				LD_RUNPATH_SEARCH_PATHS = (
					"$(inherited)",
					"@executable_path/Frameworks",
				);
				MARKETING_VERSION = 1.0;
				PRODUCT_BUNDLE_IDENTIFIER = com.jiezhang.CodeBox;
				PRODUCT_NAME = "$(TARGET_NAME)";
				SWIFT_EMIT_LOC_STRINGS = YES;
				SWIFT_VERSION = 6.0;
				TARGETED_DEVICE_FAMILY = "1,2";
			};
			name = Release;
		};
/* End XCBuildConfiguration section */

/* Begin XCConfigurationList section */
		5FD8759D557A549246697132 /* Build configuration list for PBXNativeTarget "CodeBoxWidgetExtension" */ = {
			isa = XCConfigurationList;
			buildConfigurations = (
				15DADD6A51A16CA23CB36324 /* Release */,
				4B04C5E0B8E2AB726C0FC550 /* Debug */,
			);
			defaultConfigurationIsVisible = 0;
			defaultConfigurationName = Release;
		};
		975855D62F4ECAF600AAA06F /* Build configuration list for PBXProject "CodeBox" */ = {
			isa = XCConfigurationList;
			buildConfigurations = (
				975855E42F4ECAF800AAA06F /* Debug */,
				975855E52F4ECAF800AAA06F /* Release */,
			);
			defaultConfigurationIsVisible = 0;
			defaultConfigurationName = Release;
		};
		AA0006AA2F4ECAF600AAA06F /* Build configuration list for PBXNativeTarget "CodeBox" */ = {
			isa = XCConfigurationList;
			buildConfigurations = (
				AA0007AA2F4ECAF600AAA06F /* Debug */,
				AA0008AA2F4ECAF600AAA06F /* Release */,
			);
			defaultConfigurationIsVisible = 0;
			defaultConfigurationName = Release;
		};
/* End XCConfigurationList section */
	};
	rootObject = 975855D32F4ECAF600AAA06F /* Project object */;
}
